
Microsoft Visual Studio Solution File, Format Version 12.00
# Visual Studio Version 17
VisualStudioVersion = 17.2.32516.85
MinimumVisualStudioVersion = 10.0.40219.1
Project("{FAE04EC0-301F-11D3-BF4B-00C04F79EFBC}") = "ERP", "ERP\ERP.csproj", "{BF2E0E03-A056-4D7C-AA9C-680CB4F18862}"
EndProject
Project("{FAE04EC0-301F-11D3-BF4B-00C04F79EFBC}") = "ERP.Common", "ERP.Common\ERP.Common.csproj", "{80D574D8-5877-4A58-825D-FE394BBA45D5}"
EndProject
Project("{FAE04EC0-301F-11D3-BF4B-00C04F79EFBC}") = "ERP.Dal", "ERP.Dal\ERP.Dal.csproj", "{A7776557-EDD8-4F88-A019-FD063B42683E}"
EndProject
Project("{FAE04EC0-301F-11D3-BF4B-00C04F79EFBC}") = "ERP.Model", "ERP.Model\ERP.Model.csproj", "{1586E785-74EB-4981-8EEA-3557CD2FFC56}"
EndProject
Project("{FAE04EC0-301F-11D3-BF4B-00C04F79EFBC}") = "ERP.Api", "ERP.Api\ERP.Api.csproj", "{D68E679E-69C8-4CFA-8AE9-585B78797B7A}"
EndProject
Global
	GlobalSection(SolutionConfigurationPlatforms) = preSolution
		Debug|Any CPU = Debug|Any CPU
		Release|Any CPU = Release|Any CPU
	EndGlobalSection
	GlobalSection(ProjectConfigurationPlatforms) = postSolution
		{BF2E0E03-A056-4D7C-AA9C-680CB4F18862}.Debug|Any CPU.ActiveCfg = Debug|Any CPU
		{BF2E0E03-A056-4D7C-AA9C-680CB4F18862}.Debug|Any CPU.Build.0 = Debug|Any CPU
		{BF2E0E03-A056-4D7C-AA9C-680CB4F18862}.Release|Any CPU.ActiveCfg = Release|Any CPU
		{BF2E0E03-A056-4D7C-AA9C-680CB4F18862}.Release|Any CPU.Build.0 = Release|Any CPU
		{80D574D8-5877-4A58-825D-FE394BBA45D5}.Debug|Any CPU.ActiveCfg = Debug|Any CPU
		{80D574D8-5877-4A58-825D-FE394BBA45D5}.Debug|Any CPU.Build.0 = Debug|Any CPU
		{80D574D8-5877-4A58-825D-FE394BBA45D5}.Release|Any CPU.ActiveCfg = Release|Any CPU
		{80D574D8-5877-4A58-825D-FE394BBA45D5}.Release|Any CPU.Build.0 = Release|Any CPU
		{A7776557-EDD8-4F88-A019-FD063B42683E}.Debug|Any CPU.ActiveCfg = Debug|Any CPU
		{A7776557-EDD8-4F88-A019-FD063B42683E}.Debug|Any CPU.Build.0 = Debug|Any CPU
		{A7776557-EDD8-4F88-A019-FD063B42683E}.Release|Any CPU.ActiveCfg = Release|Any CPU
		{A7776557-EDD8-4F88-A019-FD063B42683E}.Release|Any CPU.Build.0 = Release|Any CPU
		{1586E785-74EB-4981-8EEA-3557CD2FFC56}.Debug|Any CPU.ActiveCfg = Debug|Any CPU
		{1586E785-74EB-4981-8EEA-3557CD2FFC56}.Debug|Any CPU.Build.0 = Debug|Any CPU
		{1586E785-74EB-4981-8EEA-3557CD2FFC56}.Release|Any CPU.ActiveCfg = Release|Any CPU
		{1586E785-74EB-4981-8EEA-3557CD2FFC56}.Release|Any CPU.Build.0 = Release|Any CPU
		{D68E679E-69C8-4CFA-8AE9-585B78797B7A}.Debug|Any CPU.ActiveCfg = Debug|Any CPU
		{D68E679E-69C8-4CFA-8AE9-585B78797B7A}.Debug|Any CPU.Build.0 = Debug|Any CPU
		{D68E679E-69C8-4CFA-8AE9-585B78797B7A}.Release|Any CPU.ActiveCfg = Release|Any CPU
		{D68E679E-69C8-4CFA-8AE9-585B78797B7A}.Release|Any CPU.Build.0 = Release|Any CPU
	EndGlobalSection
	GlobalSection(SolutionProperties) = preSolution
		HideSolutionNode = FALSE
	EndGlobalSection
	GlobalSection(ExtensibilityGlobals) = postSolution
		SolutionGuid = {B58337D7-98DE-4F25-9017-9609E52345FB}
	EndGlobalSection
EndGlobal
